
Microsoft Visual Studio Solution File, Format Version 12.00
# Visual Studio 15
VisualStudioVersion = 15.0.26730.10
MinimumVisualStudioVersion = 10.0.40219.1
Project("{FAE04EC0-301F-11D3-BF4B-00C04F79EFBC}") = "EnkeltChiffer", "EnkeltChiffer\EnkeltChiffer.csproj", "{33077869-0770-48EA-9AAF-40B315D2D65B}"
EndProject
Global
	GlobalSection(SolutionConfigurationPlatforms) = preSolution
		Debug|Any CPU = Debug|Any CPU
		Release|Any CPU = Release|Any CPU
	EndGlobalSection
	GlobalSection(ProjectConfigurationPlatforms) = postSolution
		{33077869-0770-48EA-9AAF-40B315D2D65B}.Debug|Any CPU.ActiveCfg = Debug|Any CPU
		{33077869-0770-48EA-9AAF-40B315D2D65B}.Debug|Any CPU.Build.0 = Debug|Any CPU
		{33077869-0770-48EA-9AAF-40B315D2D65B}.Release|Any CPU.ActiveCfg = Release|Any CPU
		{33077869-0770-48EA-9AAF-40B315D2D65B}.Release|Any CPU.Build.0 = Release|Any CPU
	EndGlobalSection
	GlobalSection(SolutionProperties) = preSolution
		HideSolutionNode = FALSE
	EndGlobalSection
	GlobalSection(ExtensibilityGlobals) = postSolution
		SolutionGuid = {7AF92B9D-97F6-431C-9F38-03CC8C5224A2}
	EndGlobalSection
EndGlobal
